
Microsoft Visual Studio Solution File, Format Version 11.00
# Visual Studio 2010
Project("{FAE04EC0-301F-11D3-BF4B-00C04F79EFBC}") = "VladModification.Scripts", "VladModification.Scripts.csproj", "{a130bbf2-24d5-1e92-877f-7b1a7d067c53}"
EndProject
Project("{FAE04EC0-301F-11D3-BF4B-00C04F79EFBC}") = "Assembly-CSharp-Editor", "Assembly-CSharp-Editor.csproj", "{0bcf717f-4a7c-76bd-90fd-d2ad1a67ec6f}"
EndProject
Project("{FAE04EC0-301F-11D3-BF4B-00C04F79EFBC}") = "Unity.AssetBundleBrowser.Editor", "Unity.AssetBundleBrowser.Editor.csproj", "{d00ad36f-8c50-4701-012e-1a5fe8a4a096}"
EndProject
Project("{FAE04EC0-301F-11D3-BF4B-00C04F79EFBC}") = "ProjectSetup", "ProjectSetup.csproj", "{03b4e8a1-79b8-9a21-135b-4251b69c9394}"
EndProject
Global
	GlobalSection(SolutionConfigurationPlatforms) = preSolution
		Debug|Any CPU = Debug|Any CPU
	EndGlobalSection
	GlobalSection(ProjectConfigurationPlatforms) = postSolution
		{a130bbf2-24d5-1e92-877f-7b1a7d067c53}.Debug|Any CPU.ActiveCfg = Debug|Any CPU
		{a130bbf2-24d5-1e92-877f-7b1a7d067c53}.Debug|Any CPU.Build.0 = Debug|Any CPU
		{0bcf717f-4a7c-76bd-90fd-d2ad1a67ec6f}.Debug|Any CPU.ActiveCfg = Debug|Any CPU
		{0bcf717f-4a7c-76bd-90fd-d2ad1a67ec6f}.Debug|Any CPU.Build.0 = Debug|Any CPU
		{d00ad36f-8c50-4701-012e-1a5fe8a4a096}.Debug|Any CPU.ActiveCfg = Debug|Any CPU
		{d00ad36f-8c50-4701-012e-1a5fe8a4a096}.Debug|Any CPU.Build.0 = Debug|Any CPU
		{03b4e8a1-79b8-9a21-135b-4251b69c9394}.Debug|Any CPU.ActiveCfg = Debug|Any CPU
		{03b4e8a1-79b8-9a21-135b-4251b69c9394}.Debug|Any CPU.Build.0 = Debug|Any CPU
	EndGlobalSection
	GlobalSection(SolutionProperties) = preSolution
		HideSolutionNode = FALSE
	EndGlobalSection
EndGlobal
